{
  "pins" : [
    {
      "identity" : "any",
      "kind" : "remoteSourceControl",
      "location" : "https://github.com/The-Wand/Any.git",
      "state" : {
        "revision" : "5fccdf9628bc117439a87a564958196c28896c97",
        "version" : "1.0.3"
      }
    },
    {
      "identity" : "wand",
      "kind" : "remoteSourceControl",
      "location" : "https://github.com/The-Wand/Wand.git",
      "state" : {
        "revision" : "886392f5ea0cb679c9c81c4b74947fa78e2d8ec0",
        "version" : "3.0.12"
      }
    }
  ],
  "version" : 2
}
