{
  "originHash" : "7b0bff1d077a5b1af8f5756ab943b05c378df9fa91d3da38fdc877b3f6be9cce",
  "pins" : [
    {
      "identity" : "any",
      "kind" : "remoteSourceControl",
      "location" : "https://github.com/el-machine/Any",
      "state" : {
        "revision" : "7cae63b1a897006d9d1cadef06ea266415f1b3e5",
        "version" : "1.0.2"
      }
    },
    {
      "identity" : "wand",
      "kind" : "remoteSourceControl",
      "location" : "https://github.com/The-Wand/Wand.git",
      "state" : {
        "revision" : "283250230385da69d1983bb84327f261f47a0ee8",
        "version" : "2.0.12"
      }
    }
  ],
  "version" : 3
}
