{
  "originHash" : "7b0bff1d077a5b1af8f5756ab943b05c378df9fa91d3da38fdc877b3f6be9cce",
  "pins" : [
    {
      "identity" : "any",
      "kind" : "remoteSourceControl",
      "location" : "https://github.com/el-machine/Any",
      "state" : {
        "revision" : "5fccdf9628bc117439a87a564958196c28896c97",
        "version" : "1.0.3"
      }
    },
    {
      "identity" : "wand",
      "kind" : "remoteSourceControl",
      "location" : "https://github.com/The-Wand/Wand.git",
      "state" : {
        "revision" : "e22c561918686522f49c0daf9dfd7e9b889e31c6",
        "version" : "2.0.13"
      }
    }
  ],
  "version" : 3
}
